
Microsoft Visual Studio Solution File, Format Version 12.00
# Visual Studio Version 17
VisualStudioVersion = 17.9.34723.18
MinimumVisualStudioVersion = 10.0.40219.1
Project("{FAE04EC0-301F-11D3-BF4B-00C04F79EFBC}") = "Cinema.API", "Cinema.API.csproj", "{1A85CCCD-46D5-4B6B-A816-A1101651E2CD}"
EndProject
Project("{FAE04EC0-301F-11D3-BF4B-00C04F79EFBC}") = "Cinema.Application", "..\Cinema.Application\Cinema.Application.csproj", "{C711F95A-6960-4597-A7DF-6E6374608503}"
EndProject
Project("{FAE04EC0-301F-11D3-BF4B-00C04F79EFBC}") = "Cinema.Domain", "..\Cinema.Domain\Cinema.Domain.csproj", "{7126AE1D-A813-4BCD-945B-D301D0C45AA9}"
EndProject
Project("{FAE04EC0-301F-11D3-BF4B-00C04F79EFBC}") = "Cinema.Infrastructure", "..\Cinema.Infrastructure\Cinema.Infrastructure.csproj", "{3F5F4E7A-49F3-48BE-B638-B26DFA7BD8C7}"
EndProject
Global
	GlobalSection(SolutionConfigurationPlatforms) = preSolution
		Debug|Any CPU = Debug|Any CPU
		Release|Any CPU = Release|Any CPU
	EndGlobalSection
	GlobalSection(ProjectConfigurationPlatforms) = postSolution
		{1A85CCCD-46D5-4B6B-A816-A1101651E2CD}.Debug|Any CPU.ActiveCfg = Debug|Any CPU
		{1A85CCCD-46D5-4B6B-A816-A1101651E2CD}.Debug|Any CPU.Build.0 = Debug|Any CPU
		{1A85CCCD-46D5-4B6B-A816-A1101651E2CD}.Release|Any CPU.ActiveCfg = Release|Any CPU
		{1A85CCCD-46D5-4B6B-A816-A1101651E2CD}.Release|Any CPU.Build.0 = Release|Any CPU
		{C711F95A-6960-4597-A7DF-6E6374608503}.Debug|Any CPU.ActiveCfg = Debug|Any CPU
		{C711F95A-6960-4597-A7DF-6E6374608503}.Debug|Any CPU.Build.0 = Debug|Any CPU
		{C711F95A-6960-4597-A7DF-6E6374608503}.Release|Any CPU.ActiveCfg = Release|Any CPU
		{C711F95A-6960-4597-A7DF-6E6374608503}.Release|Any CPU.Build.0 = Release|Any CPU
		{7126AE1D-A813-4BCD-945B-D301D0C45AA9}.Debug|Any CPU.ActiveCfg = Debug|Any CPU
		{7126AE1D-A813-4BCD-945B-D301D0C45AA9}.Debug|Any CPU.Build.0 = Debug|Any CPU
		{7126AE1D-A813-4BCD-945B-D301D0C45AA9}.Release|Any CPU.ActiveCfg = Release|Any CPU
		{7126AE1D-A813-4BCD-945B-D301D0C45AA9}.Release|Any CPU.Build.0 = Release|Any CPU
		{3F5F4E7A-49F3-48BE-B638-B26DFA7BD8C7}.Debug|Any CPU.ActiveCfg = Debug|Any CPU
		{3F5F4E7A-49F3-48BE-B638-B26DFA7BD8C7}.Debug|Any CPU.Build.0 = Debug|Any CPU
		{3F5F4E7A-49F3-48BE-B638-B26DFA7BD8C7}.Release|Any CPU.ActiveCfg = Release|Any CPU
		{3F5F4E7A-49F3-48BE-B638-B26DFA7BD8C7}.Release|Any CPU.Build.0 = Release|Any CPU
	EndGlobalSection
	GlobalSection(SolutionProperties) = preSolution
		HideSolutionNode = FALSE
	EndGlobalSection
	GlobalSection(ExtensibilityGlobals) = postSolution
		SolutionGuid = {FAF76346-B880-4784-930A-9D21483D7465}
	EndGlobalSection
EndGlobal
